
Microsoft Visual Studio Solution File, Format Version 12.00
# Visual Studio Version 17
VisualStudioVersion = 17.4.33103.184
MinimumVisualStudioVersion = 10.0.40219.1
Project("{FAE04EC0-301F-11D3-BF4B-00C04F79EFBC}") = "CINEMA", "CINEMA\CINEMA.csproj", "{A6F1376C-DD2E-4B0E-971A-D243BD69601C}"
EndProject
Project("{9A19103F-16F7-4668-BE54-9A1E7A4F7556}") = "MoMoEmbedd", "MoMoEmbedd\MoMoEmbedd.csproj", "{B0C70F52-69AF-4E99-BBBE-3DEF800EF312}"
EndProject
Global
	GlobalSection(SolutionConfigurationPlatforms) = preSolution
		Debug|Any CPU = Debug|Any CPU
		Release|Any CPU = Release|Any CPU
	EndGlobalSection
	GlobalSection(ProjectConfigurationPlatforms) = postSolution
		{A6F1376C-DD2E-4B0E-971A-D243BD69601C}.Debug|Any CPU.ActiveCfg = Debug|Any CPU
		{A6F1376C-DD2E-4B0E-971A-D243BD69601C}.Debug|Any CPU.Build.0 = Debug|Any CPU
		{A6F1376C-DD2E-4B0E-971A-D243BD69601C}.Release|Any CPU.ActiveCfg = Release|Any CPU
		{A6F1376C-DD2E-4B0E-971A-D243BD69601C}.Release|Any CPU.Build.0 = Release|Any CPU
		{B0C70F52-69AF-4E99-BBBE-3DEF800EF312}.Debug|Any CPU.ActiveCfg = Debug|Any CPU
		{B0C70F52-69AF-4E99-BBBE-3DEF800EF312}.Debug|Any CPU.Build.0 = Debug|Any CPU
		{B0C70F52-69AF-4E99-BBBE-3DEF800EF312}.Release|Any CPU.ActiveCfg = Release|Any CPU
		{B0C70F52-69AF-4E99-BBBE-3DEF800EF312}.Release|Any CPU.Build.0 = Release|Any CPU
	EndGlobalSection
	GlobalSection(SolutionProperties) = preSolution
		HideSolutionNode = FALSE
	EndGlobalSection
	GlobalSection(ExtensibilityGlobals) = postSolution
		SolutionGuid = {664097CC-687D-4D36-BF5A-89306A3AC58C}
	EndGlobalSection
EndGlobal
